Microsoft Visual Studio Solution File, Format Version 12.00
# Visual Studio Version 17
VisualStudioVersion = 17.5.2.0
MinimumVisualStudioVersion = 10.0.40219.1
Project("{FAE04EC0-301F-11D3-BF4B-00C04F79EFBC}") = "ConsumerUsersJsonPlaceHolder", "ConsumerUsersJsonPlaceHolder.csproj", "{672CA1EA-171B-113A-A3A8-32C70D693ED2}"
EndProject
Global
	GlobalSection(SolutionConfigurationPlatforms) = preSolution
		Debug|Any CPU = Debug|Any CPU
		Release|Any CPU = Release|Any CPU
	EndGlobalSection
	GlobalSection(ProjectConfigurationPlatforms) = postSolution
		{672CA1EA-171B-113A-A3A8-32C70D693ED2}.Debug|Any CPU.ActiveCfg = Debug|Any CPU
		{672CA1EA-171B-113A-A3A8-32C70D693ED2}.Debug|Any CPU.Build.0 = Debug|Any CPU
		{672CA1EA-171B-113A-A3A8-32C70D693ED2}.Release|Any CPU.ActiveCfg = Release|Any CPU
		{672CA1EA-171B-113A-A3A8-32C70D693ED2}.Release|Any CPU.Build.0 = Release|Any CPU
	EndGlobalSection
	GlobalSection(SolutionProperties) = preSolution
		HideSolutionNode = FALSE
	EndGlobalSection
	GlobalSection(ExtensibilityGlobals) = postSolution
		SolutionGuid = {4EB66EC2-7065-477C-ADC5-F04468DF3BA3}
	EndGlobalSection
EndGlobal
